
Microsoft Visual Studio Solution File, Format Version 12.00
# Visual Studio Version 16
VisualStudioVersion = 16.0.31105.61
MinimumVisualStudioVersion = 10.0.40219.1
Project("{FAE04EC0-301F-11D3-BF4B-00C04F79EFBC}") = "Vector", "Vector\Vector.csproj", "{F77BCB77-E695-46DB-A33B-02DC0E4DE9F8}"
EndProject
Global
	GlobalSection(SolutionConfigurationPlatforms) = preSolution
		Debug|Any CPU = Debug|Any CPU
		Release|Any CPU = Release|Any CPU
	EndGlobalSection
	GlobalSection(ProjectConfigurationPlatforms) = postSolution
		{F77BCB77-E695-46DB-A33B-02DC0E4DE9F8}.Debug|Any CPU.ActiveCfg = Debug|Any CPU
		{F77BCB77-E695-46DB-A33B-02DC0E4DE9F8}.Debug|Any CPU.Build.0 = Debug|Any CPU
		{F77BCB77-E695-46DB-A33B-02DC0E4DE9F8}.Release|Any CPU.ActiveCfg = Release|Any CPU
		{F77BCB77-E695-46DB-A33B-02DC0E4DE9F8}.Release|Any CPU.Build.0 = Release|Any CPU
	EndGlobalSection
	GlobalSection(SolutionProperties) = preSolution
		HideSolutionNode = FALSE
	EndGlobalSection
	GlobalSection(ExtensibilityGlobals) = postSolution
		SolutionGuid = {0078DD07-2658-4B5A-B489-A31689882B2A}
	EndGlobalSection
EndGlobal
